// !$*UTF8*$!
{
	archiveVersion = 1;
	classes = {
	};
	objectVersion = 46;
	objects = {

/* Begin PBXBuildFile section */
		042510691E98D885003FFDF1 /* Alamofire.framework in Frameworks */ = {isa = PBXBuildFile; fileRef = 0425105C1E98D86C003FFDF1 /* Alamofire.framework */; };
		0425106A1E98D885003FFDF1 /* Alamofire.framework in Embed Frameworks */ = {isa = PBXBuildFile; fileRef = 0425105C1E98D86C003FFDF1 /* Alamofire.framework */; settings = {ATTRIBUTES = (CodeSignOnCopy, RemoveHeadersOnCopy, ); }; };
		0427A40C1EC0367800B515DA /* tab-time@2x.png in Resources */ = {isa = PBXBuildFile; fileRef = 0427A40B1EC0367800B515DA /* tab-time@2x.png */; };
		0427A40E1EC0370800B515DA /* tab-time-f@2x.png in Resources */ = {isa = PBXBuildFile; fileRef = 0427A40D1EC0370800B515DA /* tab-time-f@2x.png */; };
		0427A4111EC0377A00B515DA /* TimerView.swift in Sources */ = {isa = PBXBuildFile; fileRef = 0427A4101EC0377A00B515DA /* TimerView.swift */; };
		0427A4351EC1DC1600B515DA /* HtVideoPlayer.swift in Sources */ = {isa = PBXBuildFile; fileRef = 0427A4341EC1DC1600B515DA /* HtVideoPlayer.swift */; };
		0427A4371EC1DE9000B515DA /* music000.mp3 in Resources */ = {isa = PBXBuildFile; fileRef = 0427A4361EC1DE9000B515DA /* music000.mp3 */; };
		0427A4431EC1E6A500B515DA /* music001.mp3 in Resources */ = {isa = PBXBuildFile; fileRef = 0427A4381EC1E6A500B515DA /* music001.mp3 */; };
		0427A4441EC1E6A500B515DA /* music002.mp3 in Resources */ = {isa = PBXBuildFile; fileRef = 0427A4391EC1E6A500B515DA /* music002.mp3 */; };
		0427A4451EC1E6A500B515DA /* music003.mp3 in Resources */ = {isa = PBXBuildFile; fileRef = 0427A43A1EC1E6A500B515DA /* music003.mp3 */; };
		0427A4461EC1E6A500B515DA /* music004.mp3 in Resources */ = {isa = PBXBuildFile; fileRef = 0427A43B1EC1E6A500B515DA /* music004.mp3 */; };
		0427A4471EC1E6A500B515DA /* music005.mp3 in Resources */ = {isa = PBXBuildFile; fileRef = 0427A43C1EC1E6A500B515DA /* music005.mp3 */; };
		0427A4481EC1E6A500B515DA /* music006.mp3 in Resources */ = {isa = PBXBuildFile; fileRef = 0427A43D1EC1E6A500B515DA /* music006.mp3 */; };
		0427A4491EC1E6A500B515DA /* music007.mp3 in Resources */ = {isa = PBXBuildFile; fileRef = 0427A43E1EC1E6A500B515DA /* music007.mp3 */; };
		0427A44A1EC1E6A500B515DA /* music008.mp3 in Resources */ = {isa = PBXBuildFile; fileRef = 0427A43F1EC1E6A500B515DA /* music008.mp3 */; };
		0427A44B1EC1E6A500B515DA /* music009.mp3 in Resources */ = {isa = PBXBuildFile; fileRef = 0427A4401EC1E6A500B515DA /* music009.mp3 */; };
		0427A44C1EC1E6A500B515DA /* music010.mp3 in Resources */ = {isa = PBXBuildFile; fileRef = 0427A4411EC1E6A500B515DA /* music010.mp3 */; };
		0427A44D1EC1E6A500B515DA /* music011.mp3 in Resources */ = {isa = PBXBuildFile; fileRef = 0427A4421EC1E6A500B515DA /* music011.mp3 */; };
		042F363B1E88DC6A00C5D4B3 /* AppDelegate.swift in Sources */ = {isa = PBXBuildFile; fileRef = 042F363A1E88DC6A00C5D4B3 /* AppDelegate.swift */; };
		042F363D1E88DC6A00C5D4B3 /* ViewController.swift in Sources */ = {isa = PBXBuildFile; fileRef = 042F363C1E88DC6A00C5D4B3 /* ViewController.swift */; };
		042F36401E88DC6A00C5D4B3 /* Main.storyboard in Resources */ = {isa = PBXBuildFile; fileRef = 042F363E1E88DC6A00C5D4B3 /* Main.storyboard */; };
		042F36421E88DC6A00C5D4B3 /* Assets.xcassets in Resources */ = {isa = PBXBuildFile; fileRef = 042F36411E88DC6A00C5D4B3 /* Assets.xcassets */; };
		042F36451E88DC6A00C5D4B3 /* LaunchScreen.storyboard in Resources */ = {isa = PBXBuildFile; fileRef = 042F36431E88DC6A00C5D4B3 /* LaunchScreen.storyboard */; };
		042F36501E88DC6A00C5D4B3 /* HTExeTests.swift in Sources */ = {isa = PBXBuildFile; fileRef = 042F364F1E88DC6A00C5D4B3 /* HTExeTests.swift */; };
		042F365B1E88DC6A00C5D4B3 /* HTExeUITests.swift in Sources */ = {isa = PBXBuildFile; fileRef = 042F365A1E88DC6A00C5D4B3 /* HTExeUITests.swift */; };
		042F36781E88DC8700C5D4B3 /* FirstViewController.swift in Sources */ = {isa = PBXBuildFile; fileRef = 042F36691E88DC8700C5D4B3 /* FirstViewController.swift */; };
		042F36791E88DC8700C5D4B3 /* SecViewController.swift in Sources */ = {isa = PBXBuildFile; fileRef = 042F366A1E88DC8700C5D4B3 /* SecViewController.swift */; };
		042F367A1E88DC8700C5D4B3 /* ThirdViewController.swift in Sources */ = {isa = PBXBuildFile; fileRef = 042F366B1E88DC8700C5D4B3 /* ThirdViewController.swift */; };
		042F367B1E88DC8700C5D4B3 /* noResizeApi@2x.png in Resources */ = {isa = PBXBuildFile; fileRef = 042F366E1E88DC8700C5D4B3 /* noResizeApi@2x.png */; };
		042F367C1E88DC8700C5D4B3 /* resizeApi@3x.png in Resources */ = {isa = PBXBuildFile; fileRef = 042F366F1E88DC8700C5D4B3 /* resizeApi@3x.png */; };
		042F367D1E88DC8700C5D4B3 /* RootNCViewController.swift in Sources */ = {isa = PBXBuildFile; fileRef = 042F36711E88DC8700C5D4B3 /* RootNCViewController.swift */; };
		042F367E1E88DC8700C5D4B3 /* RootTabBarController.swift in Sources */ = {isa = PBXBuildFile; fileRef = 042F36721E88DC8700C5D4B3 /* RootTabBarController.swift */; };
		042F367F1E88DC8700C5D4B3 /* RootViewController.swift in Sources */ = {isa = PBXBuildFile; fileRef = 042F36731E88DC8700C5D4B3 /* RootViewController.swift */; };
		042F36801E88DC8700C5D4B3 /* File.swift in Sources */ = {isa = PBXBuildFile; fileRef = 042F36751E88DC8700C5D4B3 /* File.swift */; };
		042F36811E88DC8700C5D4B3 /* SimpleTool.swift in Sources */ = {isa = PBXBuildFile; fileRef = 042F36761E88DC8700C5D4B3 /* SimpleTool.swift */; };
		045CCD411E88DD92000C8243 /* HexColors.swift in Sources */ = {isa = PBXBuildFile; fileRef = 045CCD401E88DD92000C8243 /* HexColors.swift */; };
		045CCD441E88E2A1000C8243 /* RGBColors.swift in Sources */ = {isa = PBXBuildFile; fileRef = 045CCD431E88E2A1000C8243 /* RGBColors.swift */; };
		045CCD461E88E6C7000C8243 /* DashBoardViewController.swift in Sources */ = {isa = PBXBuildFile; fileRef = 045CCD451E88E6C7000C8243 /* DashBoardViewController.swift */; };
/* End PBXBuildFile section */

/* Begin PBXContainerItemProxy section */
		0425105B1E98D86C003FFDF1 /* PBXContainerItemProxy */ = {
			isa = PBXContainerItemProxy;
			containerPortal = 042510331E98D7AE003FFDF1 /* Alamofire.xcodeproj */;
			proxyType = 2;
			remoteGlobalIDString = F8111E3319A95C8B0040E7D1;
			remoteInfo = "Alamofire iOS";
		};
		0425105D1E98D86C003FFDF1 /* PBXContainerItemProxy */ = {
			isa = PBXContainerItemProxy;
			containerPortal = 042510331E98D7AE003FFDF1 /* Alamofire.xcodeproj */;
			proxyType = 2;
			remoteGlobalIDString = F8111E3E19A95C8B0040E7D1;
			remoteInfo = "Alamofire iOS Tests";
		};
		0425105F1E98D86C003FFDF1 /* PBXContainerItemProxy */ = {
			isa = PBXContainerItemProxy;
			containerPortal = 042510331E98D7AE003FFDF1 /* Alamofire.xcodeproj */;
			proxyType = 2;
			remoteGlobalIDString = 4DD67C0B1A5C55C900ED2280;
			remoteInfo = "Alamofire macOS";
		};
		042510611E98D86C003FFDF1 /* PBXContainerItemProxy */ = {
			isa = PBXContainerItemProxy;
			containerPortal = 042510331E98D7AE003FFDF1 /* Alamofire.xcodeproj */;
			proxyType = 2;
			remoteGlobalIDString = F829C6B21A7A94F100A2CD59;
			remoteInfo = "Alamofire macOS Tests";
		};
		042510631E98D86C003FFDF1 /* PBXContainerItemProxy */ = {
			isa = PBXContainerItemProxy;
			containerPortal = 042510331E98D7AE003FFDF1 /* Alamofire.xcodeproj */;
			proxyType = 2;
			remoteGlobalIDString = 4CF626EF1BA7CB3E0011A099;
			remoteInfo = "Alamofire tvOS";
		};
		042510651E98D86C003FFDF1 /* PBXContainerItemProxy */ = {
			isa = PBXContainerItemProxy;
			containerPortal = 042510331E98D7AE003FFDF1 /* Alamofire.xcodeproj */;
			proxyType = 2;
			remoteGlobalIDString = 4CF626F81BA7CB3E0011A099;
			remoteInfo = "Alamofire tvOS Tests";
		};
		042510671E98D86C003FFDF1 /* PBXContainerItemProxy */ = {
			isa = PBXContainerItemProxy;
			containerPortal = 042510331E98D7AE003FFDF1 /* Alamofire.xcodeproj */;
			proxyType = 2;
			remoteGlobalIDString = E4202FE01B667AA100C997FB;
			remoteInfo = "Alamofire watchOS";
		};
		0425106B1E98D885003FFDF1 /* PBXContainerItemProxy */ = {
			isa = PBXContainerItemProxy;
			containerPortal = 042510331E98D7AE003FFDF1 /* Alamofire.xcodeproj */;
			proxyType = 1;
			remoteGlobalIDString = F8111E3219A95C8B0040E7D1;
			remoteInfo = "Alamofire iOS";
		};
		042F364C1E88DC6A00C5D4B3 /* PBXContainerItemProxy */ = {
			isa = PBXContainerItemProxy;
			containerPortal = 042F362F1E88DC6A00C5D4B3 /* Project object */;
			proxyType = 1;
			remoteGlobalIDString = 042F36361E88DC6A00C5D4B3;
			remoteInfo = HTExe;
		};
		042F36571E88DC6A00C5D4B3 /* PBXContainerItemProxy */ = {
			isa = PBXContainerItemProxy;
			containerPortal = 042F362F1E88DC6A00C5D4B3 /* Project object */;
			proxyType = 1;
			remoteGlobalIDString = 042F36361E88DC6A00C5D4B3;
			remoteInfo = HTExe;
		};
/* End PBXContainerItemProxy section */

/* Begin PBXCopyFilesBuildPhase section */
		042510501E98D7CB003FFDF1 /* Embed Frameworks */ = {
			isa = PBXCopyFilesBuildPhase;
			buildActionMask = 2147483647;
			dstPath = "";
			dstSubfolderSpec = 10;
			files = (
				0425106A1E98D885003FFDF1 /* Alamofire.framework in Embed Frameworks */,
			);
			name = "Embed Frameworks";
			runOnlyForDeploymentPostprocessing = 0;
		};
/* End PBXCopyFilesBuildPhase section */

/* Begin PBXFileReference section */
		042510331E98D7AE003FFDF1 /* Alamofire.xcodeproj */ = {isa = PBXFileReference; lastKnownFileType = "wrapper.pb-project"; name = Alamofire.xcodeproj; path = Alamofire/Alamofire.xcodeproj; sourceTree = "<group>"; };
		0427A40B1EC0367800B515DA /* tab-time@2x.png */ = {isa = PBXFileReference; lastKnownFileType = image.png; path = "tab-time@2x.png"; sourceTree = "<group>"; };
		0427A40D1EC0370800B515DA /* tab-time-f@2x.png */ = {isa = PBXFileReference; lastKnownFileType = image.png; path = "tab-time-f@2x.png"; sourceTree = "<group>"; };
		0427A4101EC0377A00B515DA /* TimerView.swift */ = {isa = PBXFileReference; fileEncoding = 4; lastKnownFileType = sourcecode.swift; path = TimerView.swift; sourceTree = "<group>"; };
		0427A4341EC1DC1600B515DA /* HtVideoPlayer.swift */ = {isa = PBXFileReference; fileEncoding = 4; lastKnownFileType = sourcecode.swift; path = HtVideoPlayer.swift; sourceTree = "<group>"; };
		0427A4361EC1DE9000B515DA /* music000.mp3 */ = {isa = PBXFileReference; lastKnownFileType = audio.mp3; path = music000.mp3; sourceTree = "<group>"; };
		0427A4381EC1E6A500B515DA /* music001.mp3 */ = {isa = PBXFileReference; lastKnownFileType = audio.mp3; path = music001.mp3; sourceTree = "<group>"; };
		0427A4391EC1E6A500B515DA /* music002.mp3 */ = {isa = PBXFileReference; lastKnownFileType = audio.mp3; path = music002.mp3; sourceTree = "<group>"; };
		0427A43A1EC1E6A500B515DA /* music003.mp3 */ = {isa = PBXFileReference; lastKnownFileType = audio.mp3; path = music003.mp3; sourceTree = "<group>"; };
		0427A43B1EC1E6A500B515DA /* music004.mp3 */ = {isa = PBXFileReference; lastKnownFileType = audio.mp3; path = music004.mp3; sourceTree = "<group>"; };
		0427A43C1EC1E6A500B515DA /* music005.mp3 */ = {isa = PBXFileReference; lastKnownFileType = audio.mp3; path = music005.mp3; sourceTree = "<group>"; };
		0427A43D1EC1E6A500B515DA /* music006.mp3 */ = {isa = PBXFileReference; lastKnownFileType = audio.mp3; path = music006.mp3; sourceTree = "<group>"; };
		0427A43E1EC1E6A500B515DA /* music007.mp3 */ = {isa = PBXFileReference; lastKnownFileType = audio.mp3; path = music007.mp3; sourceTree = "<group>"; };
		0427A43F1EC1E6A500B515DA /* music008.mp3 */ = {isa = PBXFileReference; lastKnownFileType = audio.mp3; path = music008.mp3; sourceTree = "<group>"; };
		0427A4401EC1E6A500B515DA /* music009.mp3 */ = {isa = PBXFileReference; lastKnownFileType = audio.mp3; path = music009.mp3; sourceTree = "<group>"; };
		0427A4411EC1E6A500B515DA /* music010.mp3 */ = {isa = PBXFileReference; lastKnownFileType = audio.mp3; path = music010.mp3; sourceTree = "<group>"; };
		0427A4421EC1E6A500B515DA /* music011.mp3 */ = {isa = PBXFileReference; lastKnownFileType = audio.mp3; path = music011.mp3; sourceTree = "<group>"; };
		042F36371E88DC6A00C5D4B3 /* HTExe.app */ = {isa = PBXFileReference; explicitFileType = wrapper.application; includeInIndex = 0; path = HTExe.app; sourceTree = BUILT_PRODUCTS_DIR; };
		042F363A1E88DC6A00C5D4B3 /* AppDelegate.swift */ = {isa = PBXFileReference; lastKnownFileType = sourcecode.swift; path = AppDelegate.swift; sourceTree = "<group>"; };
		042F363C1E88DC6A00C5D4B3 /* ViewController.swift */ = {isa = PBXFileReference; lastKnownFileType = sourcecode.swift; path = ViewController.swift; sourceTree = "<group>"; };
		042F363F1E88DC6A00C5D4B3 /* Base */ = {isa = PBXFileReference; lastKnownFileType = file.storyboard; name = Base; path = Base.lproj/Main.storyboard; sourceTree = "<group>"; };
		042F36411E88DC6A00C5D4B3 /* Assets.xcassets */ = {isa = PBXFileReference; lastKnownFileType = folder.assetcatalog; path = Assets.xcassets; sourceTree = "<group>"; };
		042F36441E88DC6A00C5D4B3 /* Base */ = {isa = PBXFileReference; lastKnownFileType = file.storyboard; name = Base; path = Base.lproj/LaunchScreen.storyboard; sourceTree = "<group>"; };
		042F36461E88DC6A00C5D4B3 /* Info.plist */ = {isa = PBXFileReference; lastKnownFileType = text.plist.xml; path = Info.plist; sourceTree = "<group>"; };
		042F364B1E88DC6A00C5D4B3 /* HTExeTests.xctest */ = {isa = PBXFileReference; explicitFileType = wrapper.cfbundle; includeInIndex = 0; path = HTExeTests.xctest; sourceTree = BUILT_PRODUCTS_DIR; };
		042F364F1E88DC6A00C5D4B3 /* HTExeTests.swift */ = {isa = PBXFileReference; lastKnownFileType = sourcecode.swift; path = HTExeTests.swift; sourceTree = "<group>"; };
		042F36511E88DC6A00C5D4B3 /* Info.plist */ = {isa = PBXFileReference; lastKnownFileType = text.plist.xml; path = Info.plist; sourceTree = "<group>"; };
		042F36561E88DC6A00C5D4B3 /* HTExeUITests.xctest */ = {isa = PBXFileReference; explicitFileType = wrapper.cfbundle; includeInIndex = 0; path = HTExeUITests.xctest; sourceTree = BUILT_PRODUCTS_DIR; };
		042F365A1E88DC6A00C5D4B3 /* HTExeUITests.swift */ = {isa = PBXFileReference; lastKnownFileType = sourcecode.swift; path = HTExeUITests.swift; sourceTree = "<group>"; };
		042F365C1E88DC6A00C5D4B3 /* Info.plist */ = {isa = PBXFileReference; lastKnownFileType = text.plist.xml; path = Info.plist; sourceTree = "<group>"; };
		042F36691E88DC8700C5D4B3 /* FirstViewController.swift */ = {isa = PBXFileReference; fileEncoding = 4; lastKnownFileType = sourcecode.swift; path = FirstViewController.swift; sourceTree = "<group>"; };
		042F366A1E88DC8700C5D4B3 /* SecViewController.swift */ = {isa = PBXFileReference; fileEncoding = 4; lastKnownFileType = sourcecode.swift; path = SecViewController.swift; sourceTree = "<group>"; };
		042F366B1E88DC8700C5D4B3 /* ThirdViewController.swift */ = {isa = PBXFileReference; fileEncoding = 4; lastKnownFileType = sourcecode.swift; path = ThirdViewController.swift; sourceTree = "<group>"; };
		042F366E1E88DC8700C5D4B3 /* noResizeApi@2x.png */ = {isa = PBXFileReference; lastKnownFileType = image.png; path = "noResizeApi@2x.png"; sourceTree = "<group>"; };
		042F366F1E88DC8700C5D4B3 /* resizeApi@3x.png */ = {isa = PBXFileReference; lastKnownFileType = image.png; path = "resizeApi@3x.png"; sourceTree = "<group>"; };
		042F36711E88DC8700C5D4B3 /* RootNCViewController.swift */ = {isa = PBXFileReference; fileEncoding = 4; lastKnownFileType = sourcecode.swift; path = RootNCViewController.swift; sourceTree = "<group>"; };
		042F36721E88DC8700C5D4B3 /* RootTabBarController.swift */ = {isa = PBXFileReference; fileEncoding = 4; lastKnownFileType = sourcecode.swift; path = RootTabBarController.swift; sourceTree = "<group>"; };
		042F36731E88DC8700C5D4B3 /* RootViewController.swift */ = {isa = PBXFileReference; fileEncoding = 4; lastKnownFileType = sourcecode.swift; path = RootViewController.swift; sourceTree = "<group>"; };
		042F36751E88DC8700C5D4B3 /* File.swift */ = {isa = PBXFileReference; fileEncoding = 4; lastKnownFileType = sourcecode.swift; path = File.swift; sourceTree = "<group>"; };
		042F36761E88DC8700C5D4B3 /* SimpleTool.swift */ = {isa = PBXFileReference; fileEncoding = 4; lastKnownFileType = sourcecode.swift; path = SimpleTool.swift; sourceTree = "<group>"; };
		045CCD401E88DD92000C8243 /* HexColors.swift */ = {isa = PBXFileReference; fileEncoding = 4; lastKnownFileType = sourcecode.swift; path = HexColors.swift; sourceTree = "<group>"; };
		045CCD431E88E2A1000C8243 /* RGBColors.swift */ = {isa = PBXFileReference; fileEncoding = 4; lastKnownFileType = sourcecode.swift; path = RGBColors.swift; sourceTree = "<group>"; };
		045CCD451E88E6C7000C8243 /* DashBoardViewController.swift */ = {isa = PBXFileReference; fileEncoding = 4; lastKnownFileType = sourcecode.swift; path = DashBoardViewController.swift; sourceTree = "<group>"; };
/* End PBXFileReference section */

/* Begin PBXFrameworksBuildPhase section */
		042F36341E88DC6A00C5D4B3 /* Frameworks */ = {
			isa = PBXFrameworksBuildPhase;
			buildActionMask = 2147483647;
			files = (
				042510691E98D885003FFDF1 /* Alamofire.framework in Frameworks */,
			);
			runOnlyForDeploymentPostprocessing = 0;
		};
		042F36481E88DC6A00C5D4B3 /* Frameworks */ = {
			isa = PBXFrameworksBuildPhase;
			buildActionMask = 2147483647;
			files = (
			);
			runOnlyForDeploymentPostprocessing = 0;
		};
		042F36531E88DC6A00C5D4B3 /* Frameworks */ = {
			isa = PBXFrameworksBuildPhase;
			buildActionMask = 2147483647;
			files = (
			);
			runOnlyForDeploymentPostprocessing = 0;
		};
/* End PBXFrameworksBuildPhase section */

/* Begin PBXGroup section */
		042510511E98D86C003FFDF1 /* Products */ = {
			isa = PBXGroup;
			children = (
				0425105C1E98D86C003FFDF1 /* Alamofire.framework */,
				0425105E1E98D86C003FFDF1 /* Alamofire iOS Tests.xctest */,
				042510601E98D86C003FFDF1 /* Alamofire.framework */,
				042510621E98D86C003FFDF1 /* Alamofire macOS Tests.xctest */,
				042510641E98D86C003FFDF1 /* Alamofire.framework */,
				042510661E98D86C003FFDF1 /* Alamofire tvOS Tests.xctest */,
				042510681E98D86C003FFDF1 /* Alamofire.framework */,
			);
			name = Products;
			sourceTree = "<group>";
		};
		0427A4021EC0365C00B515DA /* counting */ = {
			isa = PBXGroup;
			children = (
				0427A4321EC1DBE300B515DA /* video */,
				0427A40F1EC0374800B515DA /* view */,
				0427A40A1EC0366B00B515DA /* image */,
			);
			path = counting;
			sourceTree = "<group>";
		};
		0427A40A1EC0366B00B515DA /* image */ = {
			isa = PBXGroup;
			children = (
				0427A40D1EC0370800B515DA /* tab-time-f@2x.png */,
				0427A40B1EC0367800B515DA /* tab-time@2x.png */,
			);
			path = image;
			sourceTree = "<group>";
		};
		0427A40F1EC0374800B515DA /* view */ = {
			isa = PBXGroup;
			children = (
				0427A4101EC0377A00B515DA /* TimerView.swift */,
			);
			path = view;
			sourceTree = "<group>";
		};
		0427A4321EC1DBE300B515DA /* video */ = {
			isa = PBXGroup;
			children = (
				0427A4331EC1DBF400B515DA /* videoSource */,
				0427A4341EC1DC1600B515DA /* HtVideoPlayer.swift */,
			);
			path = video;
			sourceTree = "<group>";
		};
		0427A4331EC1DBF400B515DA /* videoSource */ = {
			isa = PBXGroup;
			children = (
				0427A4381EC1E6A500B515DA /* music001.mp3 */,
				0427A4391EC1E6A500B515DA /* music002.mp3 */,
				0427A43A1EC1E6A500B515DA /* music003.mp3 */,
				0427A43B1EC1E6A500B515DA /* music004.mp3 */,
				0427A43C1EC1E6A500B515DA /* music005.mp3 */,
				0427A43D1EC1E6A500B515DA /* music006.mp3 */,
				0427A43E1EC1E6A500B515DA /* music007.mp3 */,
				0427A43F1EC1E6A500B515DA /* music008.mp3 */,
				0427A4401EC1E6A500B515DA /* music009.mp3 */,
				0427A4411EC1E6A500B515DA /* music010.mp3 */,
				0427A4421EC1E6A500B515DA /* music011.mp3 */,
				0427A4361EC1DE9000B515DA /* music000.mp3 */,
			);
			path = videoSource;
			sourceTree = "<group>";
		};
		042F362E1E88DC6A00C5D4B3 = {
			isa = PBXGroup;
			children = (
				042510331E98D7AE003FFDF1 /* Alamofire.xcodeproj */,
				042F36391E88DC6A00C5D4B3 /* HTExe */,
				042F364E1E88DC6A00C5D4B3 /* HTExeTests */,
				042F36591E88DC6A00C5D4B3 /* HTExeUITests */,
				042F36381E88DC6A00C5D4B3 /* Products */,
			);
			sourceTree = "<group>";
		};
		042F36381E88DC6A00C5D4B3 /* Products */ = {
			isa = PBXGroup;
			children = (
				042F36371E88DC6A00C5D4B3 /* HTExe.app */,
				042F364B1E88DC6A00C5D4B3 /* HTExeTests.xctest */,
				042F36561E88DC6A00C5D4B3 /* HTExeUITests.xctest */,
			);
			name = Products;
			sourceTree = "<group>";
		};
		042F36391E88DC6A00C5D4B3 /* HTExe */ = {
			isa = PBXGroup;
			children = (
				0427A4021EC0365C00B515DA /* counting */,
				042F36681E88DC8700C5D4B3 /* controller */,
				042F366C1E88DC8700C5D4B3 /* dashboard */,
				042F366D1E88DC8700C5D4B3 /* resource */,
				042F36701E88DC8700C5D4B3 /* root */,
				042F36741E88DC8700C5D4B3 /* tool */,
				042F36771E88DC8700C5D4B3 /* view */,
				042F363A1E88DC6A00C5D4B3 /* AppDelegate.swift */,
				042F363C1E88DC6A00C5D4B3 /* ViewController.swift */,
				042F363E1E88DC6A00C5D4B3 /* Main.storyboard */,
				042F36411E88DC6A00C5D4B3 /* Assets.xcassets */,
				042F36431E88DC6A00C5D4B3 /* LaunchScreen.storyboard */,
				042F36461E88DC6A00C5D4B3 /* Info.plist */,
			);
			path = HTExe;
			sourceTree = "<group>";
		};
		042F364E1E88DC6A00C5D4B3 /* HTExeTests */ = {
			isa = PBXGroup;
			children = (
				042F364F1E88DC6A00C5D4B3 /* HTExeTests.swift */,
				042F36511E88DC6A00C5D4B3 /* Info.plist */,
			);
			path = HTExeTests;
			sourceTree = "<group>";
		};
		042F36591E88DC6A00C5D4B3 /* HTExeUITests */ = {
			isa = PBXGroup;
			children = (
				042F365A1E88DC6A00C5D4B3 /* HTExeUITests.swift */,
				042F365C1E88DC6A00C5D4B3 /* Info.plist */,
			);
			path = HTExeUITests;
			sourceTree = "<group>";
		};
		042F36681E88DC8700C5D4B3 /* controller */ = {
			isa = PBXGroup;
			children = (
				042F36691E88DC8700C5D4B3 /* FirstViewController.swift */,
				042F366A1E88DC8700C5D4B3 /* SecViewController.swift */,
				042F366B1E88DC8700C5D4B3 /* ThirdViewController.swift */,
			);
			path = controller;
			sourceTree = "<group>";
		};
		042F366C1E88DC8700C5D4B3 /* dashboard */ = {
			isa = PBXGroup;
			children = (
				045CCD451E88E6C7000C8243 /* DashBoardViewController.swift */,
			);
			path = dashboard;
			sourceTree = "<group>";
		};
		042F366D1E88DC8700C5D4B3 /* resource */ = {
			isa = PBXGroup;
			children = (
				042F366E1E88DC8700C5D4B3 /* noResizeApi@2x.png */,
				042F366F1E88DC8700C5D4B3 /* resizeApi@3x.png */,
			);
			path = resource;
			sourceTree = "<group>";
		};
		042F36701E88DC8700C5D4B3 /* root */ = {
			isa = PBXGroup;
			children = (
				042F36711E88DC8700C5D4B3 /* RootNCViewController.swift */,
				042F36721E88DC8700C5D4B3 /* RootTabBarController.swift */,
				042F36731E88DC8700C5D4B3 /* RootViewController.swift */,
			);
			path = root;
			sourceTree = "<group>";
		};
		042F36741E88DC8700C5D4B3 /* tool */ = {
			isa = PBXGroup;
			children = (
				045CCD421E88DFBC000C8243 /* animation */,
				045CCD3F1E88DD92000C8243 /* third */,
				042F36751E88DC8700C5D4B3 /* File.swift */,
				042F36761E88DC8700C5D4B3 /* SimpleTool.swift */,
			);
			path = tool;
			sourceTree = "<group>";
		};
		042F36771E88DC8700C5D4B3 /* view */ = {
			isa = PBXGroup;
			children = (
			);
			path = view;
			sourceTree = "<group>";
		};
		045CCD3F1E88DD92000C8243 /* third */ = {
			isa = PBXGroup;
			children = (
				045CCD401E88DD92000C8243 /* HexColors.swift */,
				045CCD431E88E2A1000C8243 /* RGBColors.swift */,
			);
			path = third;
			sourceTree = "<group>";
		};
		045CCD421E88DFBC000C8243 /* animation */ = {
			isa = PBXGroup;
			children = (
			);
			path = animation;
			sourceTree = "<group>";
		};
/* End PBXGroup section */

/* Begin PBXNativeTarget section */
		042F36361E88DC6A00C5D4B3 /* HTExe */ = {
			isa = PBXNativeTarget;
			buildConfigurationList = 042F365F1E88DC6A00C5D4B3 /* Build configuration list for PBXNativeTarget "HTExe" */;
			buildPhases = (
				042F36331E88DC6A00C5D4B3 /* Sources */,
				042F36341E88DC6A00C5D4B3 /* Frameworks */,
				042F36351E88DC6A00C5D4B3 /* Resources */,
				042510501E98D7CB003FFDF1 /* Embed Frameworks */,
			);
			buildRules = (
			);
			dependencies = (
				0425106C1E98D885003FFDF1 /* PBXTargetDependency */,
			);
			name = HTExe;
			productName = HTExe;
			productReference = 042F36371E88DC6A00C5D4B3 /* HTExe.app */;
			productType = "com.apple.product-type.application";
		};
		042F364A1E88DC6A00C5D4B3 /* HTExeTests */ = {
			isa = PBXNativeTarget;
			buildConfigurationList = 042F36621E88DC6A00C5D4B3 /* Build configuration list for PBXNativeTarget "HTExeTests" */;
			buildPhases = (
				042F36471E88DC6A00C5D4B3 /* Sources */,
				042F36481E88DC6A00C5D4B3 /* Frameworks */,
				042F36491E88DC6A00C5D4B3 /* Resources */,
			);
			buildRules = (
			);
			dependencies = (
				042F364D1E88DC6A00C5D4B3 /* PBXTargetDependency */,
			);
			name = HTExeTests;
			productName = HTExeTests;
			productReference = 042F364B1E88DC6A00C5D4B3 /* HTExeTests.xctest */;
			productType = "com.apple.product-type.bundle.unit-test";
		};
		042F36551E88DC6A00C5D4B3 /* HTExeUITests */ = {
			isa = PBXNativeTarget;
			buildConfigurationList = 042F36651E88DC6A00C5D4B3 /* Build configuration list for PBXNativeTarget "HTExeUITests" */;
			buildPhases = (
				042F36521E88DC6A00C5D4B3 /* Sources */,
				042F36531E88DC6A00C5D4B3 /* Frameworks */,
				042F36541E88DC6A00C5D4B3 /* Resources */,
			);
			buildRules = (
			);
			dependencies = (
				042F36581E88DC6A00C5D4B3 /* PBXTargetDependency */,
			);
			name = HTExeUITests;
			productName = HTExeUITests;
			productReference = 042F36561E88DC6A00C5D4B3 /* HTExeUITests.xctest */;
			productType = "com.apple.product-type.bundle.ui-testing";
		};
/* End PBXNativeTarget section */

/* Begin PBXProject section */
		042F362F1E88DC6A00C5D4B3 /* Project object */ = {
			isa = PBXProject;
			attributes = {
				LastSwiftUpdateCheck = 0820;
				LastUpgradeCheck = 0820;
				ORGANIZATIONNAME = "杨海涛";
				TargetAttributes = {
					042F36361E88DC6A00C5D4B3 = {
						CreatedOnToolsVersion = 8.2.1;
						DevelopmentTeam = 3RYUS28B9K;
						ProvisioningStyle = Automatic;
					};
					042F364A1E88DC6A00C5D4B3 = {
						CreatedOnToolsVersion = 8.2.1;
						DevelopmentTeam = 3RYUS28B9K;
						ProvisioningStyle = Automatic;
						TestTargetID = 042F36361E88DC6A00C5D4B3;
					};
					042F36551E88DC6A00C5D4B3 = {
						CreatedOnToolsVersion = 8.2.1;
						DevelopmentTeam = 3RYUS28B9K;
						ProvisioningStyle = Automatic;
						TestTargetID = 042F36361E88DC6A00C5D4B3;
					};
				};
			};
			buildConfigurationList = 042F36321E88DC6A00C5D4B3 /* Build configuration list for PBXProject "HTExe" */;
			compatibilityVersion = "Xcode 3.2";
			developmentRegion = English;
			hasScannedForEncodings = 0;
			knownRegions = (
				en,
				Base,
			);
			mainGroup = 042F362E1E88DC6A00C5D4B3;
			productRefGroup = 042F36381E88DC6A00C5D4B3 /* Products */;
			projectDirPath = "";
			projectReferences = (
				{
					ProductGroup = 042510511E98D86C003FFDF1 /* Products */;
					ProjectRef = 042510331E98D7AE003FFDF1 /* Alamofire.xcodeproj */;
				},
			);
			projectRoot = "";
			targets = (
				042F36361E88DC6A00C5D4B3 /* HTExe */,
				042F364A1E88DC6A00C5D4B3 /* HTExeTests */,
				042F36551E88DC6A00C5D4B3 /* HTExeUITests */,
			);
		};
/* End PBXProject section */

/* Begin PBXReferenceProxy section */
		0425105C1E98D86C003FFDF1 /* Alamofire.framework */ = {
			isa = PBXReferenceProxy;
			fileType = wrapper.framework;
			path = Alamofire.framework;
			remoteRef = 0425105B1E98D86C003FFDF1 /* PBXContainerItemProxy */;
			sourceTree = BUILT_PRODUCTS_DIR;
		};
		0425105E1E98D86C003FFDF1 /* Alamofire iOS Tests.xctest */ = {
			isa = PBXReferenceProxy;
			fileType = wrapper.cfbundle;
			path = "Alamofire iOS Tests.xctest";
			remoteRef = 0425105D1E98D86C003FFDF1 /* PBXContainerItemProxy */;
			sourceTree = BUILT_PRODUCTS_DIR;
		};
		042510601E98D86C003FFDF1 /* Alamofire.framework */ = {
			isa = PBXReferenceProxy;
			fileType = wrapper.framework;
			path = Alamofire.framework;
			remoteRef = 0425105F1E98D86C003FFDF1 /* PBXContainerItemProxy */;
			sourceTree = BUILT_PRODUCTS_DIR;
		};
		042510621E98D86C003FFDF1 /* Alamofire macOS Tests.xctest */ = {
			isa = PBXReferenceProxy;
			fileType = wrapper.cfbundle;
			path = "Alamofire macOS Tests.xctest";
			remoteRef = 042510611E98D86C003FFDF1 /* PBXContainerItemProxy */;
			sourceTree = BUILT_PRODUCTS_DIR;
		};
		042510641E98D86C003FFDF1 /* Alamofire.framework */ = {
			isa = PBXReferenceProxy;
			fileType = wrapper.framework;
			path = Alamofire.framework;
			remoteRef = 042510631E98D86C003FFDF1 /* PBXContainerItemProxy */;
			sourceTree = BUILT_PRODUCTS_DIR;
		};
		042510661E98D86C003FFDF1 /* Alamofire tvOS Tests.xctest */ = {
			isa = PBXReferenceProxy;
			fileType = wrapper.cfbundle;
			path = "Alamofire tvOS Tests.xctest";
			remoteRef = 042510651E98D86C003FFDF1 /* PBXContainerItemProxy */;
			sourceTree = BUILT_PRODUCTS_DIR;
		};
		042510681E98D86C003FFDF1 /* Alamofire.framework */ = {
			isa = PBXReferenceProxy;
			fileType = wrapper.framework;
			path = Alamofire.framework;
			remoteRef = 042510671E98D86C003FFDF1 /* PBXContainerItemProxy */;
			sourceTree = BUILT_PRODUCTS_DIR;
		};
/* End PBXReferenceProxy section */

/* Begin PBXResourcesBuildPhase section */
		042F36351E88DC6A00C5D4B3 /* Resources */ = {
			isa = PBXResourcesBuildPhase;
			buildActionMask = 2147483647;
			files = (
				042F367B1E88DC8700C5D4B3 /* noResizeApi@2x.png in Resources */,
				0427A44D1EC1E6A500B515DA /* music011.mp3 in Resources */,
				042F36451E88DC6A00C5D4B3 /* LaunchScreen.storyboard in Resources */,
				0427A40C1EC0367800B515DA /* tab-time@2x.png in Resources */,
				0427A44A1EC1E6A500B515DA /* music008.mp3 in Resources */,
				0427A44C1EC1E6A500B515DA /* music010.mp3 in Resources */,
				0427A4451EC1E6A500B515DA /* music003.mp3 in Resources */,
				0427A4491EC1E6A500B515DA /* music007.mp3 in Resources */,
				0427A4371EC1DE9000B515DA /* music000.mp3 in Resources */,
				0427A4481EC1E6A500B515DA /* music006.mp3 in Resources */,
				0427A44B1EC1E6A500B515DA /* music009.mp3 in Resources */,
				0427A4431EC1E6A500B515DA /* music001.mp3 in Resources */,
				042F36421E88DC6A00C5D4B3 /* Assets.xcassets in Resources */,
				0427A4461EC1E6A500B515DA /* music004.mp3 in Resources */,
				0427A40E1EC0370800B515DA /* tab-time-f@2x.png in Resources */,
				042F36401E88DC6A00C5D4B3 /* Main.storyboard in Resources */,
				042F367C1E88DC8700C5D4B3 /* resizeApi@3x.png in Resources */,
				0427A4471EC1E6A500B515DA /* music005.mp3 in Resources */,
				0427A4441EC1E6A500B515DA /* music002.mp3 in Resources */,
			);
			runOnlyForDeploymentPostprocessing = 0;
		};
		042F36491E88DC6A00C5D4B3 /* Resources */ = {
			isa = PBXResourcesBuildPhase;
			buildActionMask = 2147483647;
			files = (
			);
			runOnlyForDeploymentPostprocessing = 0;
		};
		042F36541E88DC6A00C5D4B3 /* Resources */ = {
			isa = PBXResourcesBuildPhase;
			buildActionMask = 2147483647;
			files = (
			);
			runOnlyForDeploymentPostprocessing = 0;
		};
/* End PBXResourcesBuildPhase section */

/* Begin PBXSourcesBuildPhase section */
		042F36331E88DC6A00C5D4B3 /* Sources */ = {
			isa = PBXSourcesBuildPhase;
			buildActionMask = 2147483647;
			files = (
				042F36791E88DC8700C5D4B3 /* SecViewController.swift in Sources */,
				042F36811E88DC8700C5D4B3 /* SimpleTool.swift in Sources */,
				042F367E1E88DC8700C5D4B3 /* RootTabBarController.swift in Sources */,
				042F36781E88DC8700C5D4B3 /* FirstViewController.swift in Sources */,
				045CCD461E88E6C7000C8243 /* DashBoardViewController.swift in Sources */,
				0427A4351EC1DC1600B515DA /* HtVideoPlayer.swift in Sources */,
				042F367A1E88DC8700C5D4B3 /* ThirdViewController.swift in Sources */,
				045CCD411E88DD92000C8243 /* HexColors.swift in Sources */,
				042F363D1E88DC6A00C5D4B3 /* ViewController.swift in Sources */,
				042F363B1E88DC6A00C5D4B3 /* AppDelegate.swift in Sources */,
				0427A4111EC0377A00B515DA /* TimerView.swift in Sources */,
				042F367F1E88DC8700C5D4B3 /* RootViewController.swift in Sources */,
				042F36801E88DC8700C5D4B3 /* File.swift in Sources */,
				042F367D1E88DC8700C5D4B3 /* RootNCViewController.swift in Sources */,
				045CCD441E88E2A1000C8243 /* RGBColors.swift in Sources */,
			);
			runOnlyForDeploymentPostprocessing = 0;
		};
		042F36471E88DC6A00C5D4B3 /* Sources */ = {
			isa = PBXSourcesBuildPhase;
			buildActionMask = 2147483647;
			files = (
				042F36501E88DC6A00C5D4B3 /* HTExeTests.swift in Sources */,
			);
			runOnlyForDeploymentPostprocessing = 0;
		};
		042F36521E88DC6A00C5D4B3 /* Sources */ = {
			isa = PBXSourcesBuildPhase;
			buildActionMask = 2147483647;
			files = (
				042F365B1E88DC6A00C5D4B3 /* HTExeUITests.swift in Sources */,
			);
			runOnlyForDeploymentPostprocessing = 0;
		};
/* End PBXSourcesBuildPhase section */

/* Begin PBXTargetDependency section */
		0425106C1E98D885003FFDF1 /* PBXTargetDependency */ = {
			isa = PBXTargetDependency;
			name = "Alamofire iOS";
			targetProxy = 0425106B1E98D885003FFDF1 /* PBXContainerItemProxy */;
		};
		042F364D1E88DC6A00C5D4B3 /* PBXTargetDependency */ = {
			isa = PBXTargetDependency;
			target = 042F36361E88DC6A00C5D4B3 /* HTExe */;
			targetProxy = 042F364C1E88DC6A00C5D4B3 /* PBXContainerItemProxy */;
		};
		042F36581E88DC6A00C5D4B3 /* PBXTargetDependency */ = {
			isa = PBXTargetDependency;
			target = 042F36361E88DC6A00C5D4B3 /* HTExe */;
			targetProxy = 042F36571E88DC6A00C5D4B3 /* PBXContainerItemProxy */;
		};
/* End PBXTargetDependency section */

/* Begin PBXVariantGroup section */
		042F363E1E88DC6A00C5D4B3 /* Main.storyboard */ = {
			isa = PBXVariantGroup;
			children = (
				042F363F1E88DC6A00C5D4B3 /* Base */,
			);
			name = Main.storyboard;
			sourceTree = "<group>";
		};
		042F36431E88DC6A00C5D4B3 /* LaunchScreen.storyboard */ = {
			isa = PBXVariantGroup;
			children = (
				042F36441E88DC6A00C5D4B3 /* Base */,
			);
			name = LaunchScreen.storyboard;
			sourceTree = "<group>";
		};
/* End PBXVariantGroup section */

/* Begin XCBuildConfiguration section */
		042F365D1E88DC6A00C5D4B3 /* Debug */ = {
			isa = XCBuildConfiguration;
			buildSettings = {
				ALWAYS_SEARCH_USER_PATHS = NO;
				CLANG_ANALYZER_NONNULL = YES;
				CLANG_CXX_LANGUAGE_STANDARD = "gnu++0x";
				CLANG_CXX_LIBRARY = "libc++";
				CLANG_ENABLE_MODULES = YES;
				CLANG_ENABLE_OBJC_ARC = YES;
				CLANG_WARN_BOOL_CONVERSION = YES;
				CLANG_WARN_CONSTANT_CONVERSION = YES;
				CLANG_WARN_DIRECT_OBJC_ISA_USAGE = YES_ERROR;
				CLANG_WARN_DOCUMENTATION_COMMENTS = YES;
				CLANG_WARN_EMPTY_BODY = YES;
				CLANG_WARN_ENUM_CONVERSION = YES;
				CLANG_WARN_INFINITE_RECURSION = YES;
				CLANG_WARN_INT_CONVERSION = YES;
				CLANG_WARN_OBJC_ROOT_CLASS = YES_ERROR;
				CLANG_WARN_SUSPICIOUS_MOVE = YES;
				CLANG_WARN_UNREACHABLE_CODE = YES;
				CLANG_WARN__DUPLICATE_METHOD_MATCH = YES;
				"CODE_SIGN_IDENTITY[sdk=iphoneos*]" = "iPhone Developer";
				COPY_PHASE_STRIP = NO;
				DEBUG_INFORMATION_FORMAT = dwarf;
				ENABLE_STRICT_OBJC_MSGSEND = YES;
				ENABLE_TESTABILITY = YES;
				GCC_C_LANGUAGE_STANDARD = gnu99;
				GCC_DYNAMIC_NO_PIC = NO;
				GCC_NO_COMMON_BLOCKS = YES;
				GCC_OPTIMIZATION_LEVEL = 0;
				GCC_PREPROCESSOR_DEFINITIONS = (
					"DEBUG=1",
					"$(inherited)",
				);
				GCC_WARN_64_TO_32_BIT_CONVERSION = YES;
				GCC_WARN_ABOUT_RETURN_TYPE = YES_ERROR;
				GCC_WARN_UNDECLARED_SELECTOR = YES;
				GCC_WARN_UNINITIALIZED_AUTOS = YES_AGGRESSIVE;
				GCC_WARN_UNUSED_FUNCTION = YES;
				GCC_WARN_UNUSED_VARIABLE = YES;
				IPHONEOS_DEPLOYMENT_TARGET = 10.2;
				MTL_ENABLE_DEBUG_INFO = YES;
				ONLY_ACTIVE_ARCH = YES;
				SDKROOT = iphoneos;
				SWIFT_ACTIVE_COMPILATION_CONDITIONS = DEBUG;
				SWIFT_OPTIMIZATION_LEVEL = "-Onone";
				TARGETED_DEVICE_FAMILY = "1,2";
			};
			name = Debug;
		};
		042F365E1E88DC6A00C5D4B3 /* Release */ = {
			isa = XCBuildConfiguration;
			buildSettings = {
				ALWAYS_SEARCH_USER_PATHS = NO;
				CLANG_ANALYZER_NONNULL = YES;
				CLANG_CXX_LANGUAGE_STANDARD = "gnu++0x";
				CLANG_CXX_LIBRARY = "libc++";
				CLANG_ENABLE_MODULES = YES;
				CLANG_ENABLE_OBJC_ARC = YES;
				CLANG_WARN_BOOL_CONVERSION = YES;
				CLANG_WARN_CONSTANT_CONVERSION = YES;
				CLANG_WARN_DIRECT_OBJC_ISA_USAGE = YES_ERROR;
				CLANG_WARN_DOCUMENTATION_COMMENTS = YES;
				CLANG_WARN_EMPTY_BODY = YES;
				CLANG_WARN_ENUM_CONVERSION = YES;
				CLANG_WARN_INFINITE_RECURSION = YES;
				CLANG_WARN_INT_CONVERSION = YES;
				CLANG_WARN_OBJC_ROOT_CLASS = YES_ERROR;
				CLANG_WARN_SUSPICIOUS_MOVE = YES;
				CLANG_WARN_UNREACHABLE_CODE = YES;
				CLANG_WARN__DUPLICATE_METHOD_MATCH = YES;
				"CODE_SIGN_IDENTITY[sdk=iphoneos*]" = "iPhone Developer";
				COPY_PHASE_STRIP = NO;
				DEBUG_INFORMATION_FORMAT = "dwarf-with-dsym";
				ENABLE_NS_ASSERTIONS = NO;
				ENABLE_STRICT_OBJC_MSGSEND = YES;
				GCC_C_LANGUAGE_STANDARD = gnu99;
				GCC_NO_COMMON_BLOCKS = YES;
				GCC_WARN_64_TO_32_BIT_CONVERSION = YES;
				GCC_WARN_ABOUT_RETURN_TYPE = YES_ERROR;
				GCC_WARN_UNDECLARED_SELECTOR = YES;
				GCC_WARN_UNINITIALIZED_AUTOS = YES_AGGRESSIVE;
				GCC_WARN_UNUSED_FUNCTION = YES;
				GCC_WARN_UNUSED_VARIABLE = YES;
				IPHONEOS_DEPLOYMENT_TARGET = 10.2;
				MTL_ENABLE_DEBUG_INFO = NO;
				SDKROOT = iphoneos;
				SWIFT_OPTIMIZATION_LEVEL = "-Owholemodule";
				TARGETED_DEVICE_FAMILY = "1,2";
				VALIDATE_PRODUCT = YES;
			};
			name = Release;
		};
		042F36601E88DC6A00C5D4B3 /* Debug */ = {
			isa = XCBuildConfiguration;
			buildSettings = {
				ALWAYS_EMBED_SWIFT_STANDARD_LIBRARIES = YES;
				ASSETCATALOG_COMPILER_APPICON_NAME = AppIcon;
				DEVELOPMENT_TEAM = 3RYUS28B9K;
				INFOPLIST_FILE = HTExe/Info.plist;
				LD_RUNPATH_SEARCH_PATHS = "$(inherited) @executable_path/Frameworks";
				PRODUCT_BUNDLE_IDENTIFIER = com.haitao.HTExe;
				PRODUCT_NAME = "$(TARGET_NAME)";
				SWIFT_VERSION = 3.0;
			};
			name = Debug;
		};
		042F36611E88DC6A00C5D4B3 /* Release */ = {
			isa = XCBuildConfiguration;
			buildSettings = {
				ALWAYS_EMBED_SWIFT_STANDARD_LIBRARIES = YES;
				ASSETCATALOG_COMPILER_APPICON_NAME = AppIcon;
				DEVELOPMENT_TEAM = 3RYUS28B9K;
				INFOPLIST_FILE = HTExe/Info.plist;
				LD_RUNPATH_SEARCH_PATHS = "$(inherited) @executable_path/Frameworks";
				PRODUCT_BUNDLE_IDENTIFIER = com.haitao.HTExe;
				PRODUCT_NAME = "$(TARGET_NAME)";
				SWIFT_VERSION = 3.0;
			};
			name = Release;
		};
		042F36631E88DC6A00C5D4B3 /* Debug */ = {
			isa = XCBuildConfiguration;
			buildSettings = {
				ALWAYS_EMBED_SWIFT_STANDARD_LIBRARIES = YES;
				BUNDLE_LOADER = "$(TEST_HOST)";
				DEVELOPMENT_TEAM = 3RYUS28B9K;
				INFOPLIST_FILE = HTExeTests/Info.plist;
				LD_RUNPATH_SEARCH_PATHS = "$(inherited) @executable_path/Frameworks @loader_path/Frameworks";
				PRODUCT_BUNDLE_IDENTIFIER = com.haitao.HTExeTests;
				PRODUCT_NAME = "$(TARGET_NAME)";
				SWIFT_VERSION = 3.0;
				TEST_HOST = "$(BUILT_PRODUCTS_DIR)/HTExe.app/HTExe";
			};
			name = Debug;
		};
		042F36641E88DC6A00C5D4B3 /* Release */ = {
			isa = XCBuildConfiguration;
			buildSettings = {
				ALWAYS_EMBED_SWIFT_STANDARD_LIBRARIES = YES;
				BUNDLE_LOADER = "$(TEST_HOST)";
				DEVELOPMENT_TEAM = 3RYUS28B9K;
				INFOPLIST_FILE = HTExeTests/Info.plist;
				LD_RUNPATH_SEARCH_PATHS = "$(inherited) @executable_path/Frameworks @loader_path/Frameworks";
				PRODUCT_BUNDLE_IDENTIFIER = com.haitao.HTExeTests;
				PRODUCT_NAME = "$(TARGET_NAME)";
				SWIFT_VERSION = 3.0;
				TEST_HOST = "$(BUILT_PRODUCTS_DIR)/HTExe.app/HTExe";
			};
			name = Release;
		};
		042F36661E88DC6A00C5D4B3 /* Debug */ = {
			isa = XCBuildConfiguration;
			buildSettings = {
				ALWAYS_EMBED_SWIFT_STANDARD_LIBRARIES = YES;
				DEVELOPMENT_TEAM = 3RYUS28B9K;
				INFOPLIST_FILE = HTExeUITests/Info.plist;
				LD_RUNPATH_SEARCH_PATHS = "$(inherited) @executable_path/Frameworks @loader_path/Frameworks";
				PRODUCT_BUNDLE_IDENTIFIER = com.haitao.HTExeUITests;
				PRODUCT_NAME = "$(TARGET_NAME)";
				SWIFT_VERSION = 3.0;
				TEST_TARGET_NAME = HTExe;
			};
			name = Debug;
		};
		042F36671E88DC6A00C5D4B3 /* Release */ = {
			isa = XCBuildConfiguration;
			buildSettings = {
				ALWAYS_EMBED_SWIFT_STANDARD_LIBRARIES = YES;
				DEVELOPMENT_TEAM = 3RYUS28B9K;
				INFOPLIST_FILE = HTExeUITests/Info.plist;
				LD_RUNPATH_SEARCH_PATHS = "$(inherited) @executable_path/Frameworks @loader_path/Frameworks";
				PRODUCT_BUNDLE_IDENTIFIER = com.haitao.HTExeUITests;
				PRODUCT_NAME = "$(TARGET_NAME)";
				SWIFT_VERSION = 3.0;
				TEST_TARGET_NAME = HTExe;
			};
			name = Release;
		};
/* End XCBuildConfiguration section */

/* Begin XCConfigurationList section */
		042F36321E88DC6A00C5D4B3 /* Build configuration list for PBXProject "HTExe" */ = {
			isa = XCConfigurationList;
			buildConfigurations = (
				042F365D1E88DC6A00C5D4B3 /* Debug */,
				042F365E1E88DC6A00C5D4B3 /* Release */,
			);
			defaultConfigurationIsVisible = 0;
			defaultConfigurationName = Release;
		};
		042F365F1E88DC6A00C5D4B3 /* Build configuration list for PBXNativeTarget "HTExe" */ = {
			isa = XCConfigurationList;
			buildConfigurations = (
				042F36601E88DC6A00C5D4B3 /* Debug */,
				042F36611E88DC6A00C5D4B3 /* Release */,
			);
			defaultConfigurationIsVisible = 0;
			defaultConfigurationName = Release;
		};
		042F36621E88DC6A00C5D4B3 /* Build configuration list for PBXNativeTarget "HTExeTests" */ = {
			isa = XCConfigurationList;
			buildConfigurations = (
				042F36631E88DC6A00C5D4B3 /* Debug */,
				042F36641E88DC6A00C5D4B3 /* Release */,
			);
			defaultConfigurationIsVisible = 0;
			defaultConfigurationName = Release;
		};
		042F36651E88DC6A00C5D4B3 /* Build configuration list for PBXNativeTarget "HTExeUITests" */ = {
			isa = XCConfigurationList;
			buildConfigurations = (
				042F36661E88DC6A00C5D4B3 /* Debug */,
				042F36671E88DC6A00C5D4B3 /* Release */,
			);
			defaultConfigurationIsVisible = 0;
			defaultConfigurationName = Release;
		};
/* End XCConfigurationList section */
	};
	rootObject = 042F362F1E88DC6A00C5D4B3 /* Project object */;
}
